<?xml version="1.0" encoding="utf-8"?>
<Project ToolsVersion="4.0" xmlns="http://schemas.microsoft.com/developer/msbuild/2003">
  <ItemGroup>
    <ClCompile Include="FourByFour_Classes.cpp" />
    <ClCompile Include="Numerical_TicTacToe.cpp" />
    <ClCompile Include="sus_classes.cpp" />
    <ClCompile Include="XO_Classes.cpp" />
    <ClCompile Include="XO_Demo.cpp" />
    <ClCompile Include="FiveByFive_Classes.cpp" />
    <ClCompile Include="Misere.cpp" />
    <ClCompile Include="Infinity_TicTacToe.cpp" />
    <ClCompile Include="Obstacles_Classes.cpp" />
  </ItemGroup>
  <ItemGroup>
    <ClInclude Include="BoardGame_Classes.h" />
    <ClInclude Include="FourByFour_Classes.h" />
    <ClInclude Include="Numerical_TicTacToe.h" />
    <ClInclude Include="sus_classes.h" />
    <ClInclude Include="XO_Classes.h" />
    <ClInclude Include="FiveByFive_Classes.h" />
    <ClInclude Include="Misere.h" />
    <ClInclude Include="Infinity_TicTacToe.h" />
    <ClInclude Include="Obstacles_Classes.h" />
  </ItemGroup>
</Project>